{
  "name": "vibe-label",
  "version": "0.1.0",
  "lockfileVersion": 3,
  "requires": true,
  "packages": {
    "": {
      "name": "vibe-label",
      "version": "0.1.0",
      "license": "MIT",
      "bin": {
        "vibe-label": "plugins/vibe-label/skills/vibe-label/scripts/vibe-label.mjs"
      },
      "engines": {
        "node": ">=20"
      }
    }
  }
}
